# Fixed QA sample: only the two supported Linux VM architectures.
lockfileVersion: "9.0"
settings:
  autoInstallPeers: true
  excludeLinksFromLockfile: false
importers:
  .:
    devDependencies:
      vite:
        specifier: 4.5.14
        version: 4.5.14(lightningcss@1.33.0)
packages:
  "@esbuild/linux-arm64@0.18.20":
    resolution:
      integrity: sha512-2YbscF+UL7SQAVIpnWvYwM+3LskyDmPhe31pE7/aoTMFKKzIc9lLbyGUpmmb8a8AixOL61sQ/mFh3jEjHYFvdA==
    engines:
      node: ">=12"
    cpu:
      - arm64
    os:
      - linux
  "@esbuild/linux-x64@0.18.20":
    resolution:
      integrity: sha512-UYqiqemphJcNsFEskc73jQ7B9jgwjWrSayxawS6UVFZGWrAAtkzjxSqnoclCXxWtfwLdzU+vTpcNYhpn43uP1w==
    engines:
      node: ">=12"
    cpu:
      - x64
    os:
      - linux
  detect-libc@2.1.2:
    resolution:
      integrity: sha512-Btj2BOOO83o3WyH59e8MgXsxEQVcarkUOpEYrubB0urwnN10yQ364rsiByU11nZlqWYZm05i/of7io4mzihBtQ==
    engines:
      node: ">=8"
  esbuild@0.18.20:
    resolution:
      integrity: sha512-ceqxoedUrcayh7Y7ZX6NdbbDzGROiyVBgC4PriJThBKSVPWnnFHZAkfI1lJT8QFkOwH4qOS2SJkS4wvpGl8BpA==
    engines:
      node: ">=12"
    hasBin: true
  lightningcss-linux-arm64-gnu@1.33.0:
    resolution:
      integrity: sha512-j2v/itmy4HlNxlc6voKXYgBqNi0Ng2LShg4z7GufpEgs05P+2suBVyi9I6YHq5uoVFx9ETin3eCEhLVyXGQnKg==
    engines:
      node: ">= 12.0.0"
    cpu:
      - arm64
    os:
      - linux
    libc:
      - glibc
  lightningcss-linux-arm64-musl@1.33.0:
    resolution:
      integrity: sha512-yiO5ROMuYQgXbC60yjZU5CYSFZGKXL0HFATXt9mHJn1+zW55oCtMI9NfcVhYLMFDL7gV7oBPon/EmMMGg2OvtQ==
    engines:
      node: ">= 12.0.0"
    cpu:
      - arm64
    os:
      - linux
    libc:
      - musl
  lightningcss-linux-x64-gnu@1.33.0:
    resolution:
      integrity: sha512-ar+Ju7LmcN0Jo4FpL4hpFybwNG9/3A/Br5KW2n2jyODg3MEZXaDYADdemoNS+BDNfMgKvylJLj4S5tyRActuAg==
    engines:
      node: ">= 12.0.0"
    cpu:
      - x64
    os:
      - linux
    libc:
      - glibc
  lightningcss-linux-x64-musl@1.33.0:
    resolution:
      integrity: sha512-RYiYbkokw0trfKqqzfF55lginwEPrD3OJDfTuJzFs1MK6iFnDenaz1fqLLtX4ITG3OktJQXOeTaw1awrBAlZPw==
    engines:
      node: ">= 12.0.0"
    cpu:
      - x64
    os:
      - linux
    libc:
      - musl
  lightningcss@1.33.0:
    resolution:
      integrity: sha512-WkUDrojuJs0xkgGf2udWxa3yGBRxPtxUkB79i6aCZLRgc7PM8fZe9TosfPDcvEpQZbuFASnHYmRLBLUbmLOIIA==
    engines:
      node: ">= 12.0.0"
  nanoid@3.3.19:
    resolution:
      integrity: sha512-Y2tUNy4ouw6tq5oDSKeQYGOyhkUBhNOcGV/02KC+6kd9eDGqdZd++mjMiIDilrBYvjEnCYvVtsuHCuP+okSfug==
    engines:
      node: ^10 || ^12 || ^13.7 || ^14 || >=15.0.1
    hasBin: true
  picocolors@1.1.1:
    resolution:
      integrity: sha512-xceH2snhtb5M9liqDsmEw56le376mTZkEX/jEb/RxNFyegNul7eNslCXP9FDj/Lcu0X8KEyMceP2ntpaHrDEVA==
  postcss@8.5.28:
    resolution:
      integrity: sha512-RRuzqDtt5Y9h3quz5hWhK+TPnsmVs6WwSU6LkJMeY4HstUEDuYTG8UJSdawMRzmzAtV+KEoG8N3Qg2qLy5vM/A==
    engines:
      node: ^10 || ^12 || >=14
  rollup@3.30.0:
    resolution:
      integrity: sha512-kQvGasUgN+AlWGliFn2POSajRQEsULVYFGTvOZmK06d7vCD+YhZztt70kGk3qaeAXeWYL5eO7zx+rAubBc55eA==
    engines:
      node: ">=14.18.0"
      npm: ">=8.0.0"
    hasBin: true
  source-map-js@1.2.2:
    resolution:
      integrity: sha512-KGj/8Y43x35aZVDtt+J4mK1hoLGHULMYfSkODJNQjNDC3oW1PqPoxMwo0pLUsWM/UEGzON/NxeHywEfNXNP3Vw==
    engines:
      node: ">=0.10.0"
  vite@4.5.14:
    resolution:
      integrity: sha512-+v57oAaoYNnO3hIu5Z/tJRZjq5aHM2zDve9YZ8HngVHbhk66RStobhb1sqPMIPEleV6cNKYK4eGrAbE9Ulbl2g==
    engines:
      node: ^14.18.0 || >=16.0.0
    hasBin: true
    peerDependencies:
      "@types/node": ">= 14"
      less: "*"
      lightningcss: ^1.21.0
      sass: "*"
      stylus: "*"
      sugarss: "*"
      terser: ^5.4.0
    peerDependenciesMeta:
      "@types/node":
        optional: true
      less:
        optional: true
      lightningcss:
        optional: true
      sass:
        optional: true
      stylus:
        optional: true
      sugarss:
        optional: true
      terser:
        optional: true
snapshots:
  "@esbuild/linux-arm64@0.18.20":
    optional: true
  "@esbuild/linux-x64@0.18.20":
    optional: true
  detect-libc@2.1.2:
    optional: true
  esbuild@0.18.20:
    optionalDependencies:
      "@esbuild/linux-arm64": 0.18.20
      "@esbuild/linux-x64": 0.18.20
  lightningcss-linux-arm64-gnu@1.33.0:
    optional: true
  lightningcss-linux-arm64-musl@1.33.0:
    optional: true
  lightningcss-linux-x64-gnu@1.33.0:
    optional: true
  lightningcss-linux-x64-musl@1.33.0:
    optional: true
  lightningcss@1.33.0:
    dependencies:
      detect-libc: 2.1.2
    optionalDependencies:
      lightningcss-linux-arm64-gnu: 1.33.0
      lightningcss-linux-arm64-musl: 1.33.0
      lightningcss-linux-x64-gnu: 1.33.0
      lightningcss-linux-x64-musl: 1.33.0
    optional: true
  nanoid@3.3.19: {}
  picocolors@1.1.1: {}
  postcss@8.5.28:
    dependencies:
      nanoid: 3.3.19
      picocolors: 1.1.1
      source-map-js: 1.2.2
  rollup@3.30.0:
    optionalDependencies: {}
  source-map-js@1.2.2: {}
  vite@4.5.14(lightningcss@1.33.0):
    dependencies:
      esbuild: 0.18.20
      postcss: 8.5.28
      rollup: 3.30.0
    optionalDependencies:
      lightningcss: 1.33.0
