# Fixed CPython 3.11 Linux arm64 wheels; no source distributions.
# Official release hashes; build script checks downloaded bytes independently.

# contourpy-1.3.3-cp311-cp311-manylinux_2_26_aarch64.manylinux_2_28_aarch64.whl
contourpy==1.3.3 \
    --hash=sha256:929ddf8c4c7f348e4c0a5a3a714b5c8542ffaa8c22954862a46ca1813b667ee7

# cycler-0.12.1-py3-none-any.whl
cycler==0.12.1 \
    --hash=sha256:85cef7cff222d8644161529808465972e51340599459b8ac3ccbac5a854e0d30

# et_xmlfile-2.0.0-py3-none-any.whl
et-xmlfile==2.0.0 \
    --hash=sha256:7a91720bc756843502c3b7504c77b8fe44217c85c537d85037f0f536151b2caa

# fonttools-4.59.2-cp311-cp311-manylinux2014_aarch64.manylinux_2_17_aarch64.manylinux_2_28_aarch64.whl
fonttools==4.59.2 \
    --hash=sha256:5729e12a982dba3eeae650de48b06f3b9ddb51e9aee2fcaf195b7d09a96250e2

# kiwisolver-1.4.9-cp311-cp311-manylinux_2_24_aarch64.manylinux_2_28_aarch64.whl
kiwisolver==1.4.9 \
    --hash=sha256:8a1f570ce4d62d718dce3f179ee78dac3b545ac16c0c04bb363b7607a949c0d1

# matplotlib-3.10.6-cp311-cp311-manylinux_2_27_aarch64.manylinux_2_28_aarch64.whl
matplotlib==3.10.6 \
    --hash=sha256:a3276c85370bc0dfca051ec65c5817d1e0f8f5ce1b7787528ec8ed2d524bbc2f

# numpy-2.2.6-cp311-cp311-manylinux_2_17_aarch64.manylinux2014_aarch64.whl
numpy==2.2.6 \
    --hash=sha256:b64d8d4d17135e00c8e346e0a738deb17e754230d7e0810ac5012750bbd85a5a

# openpyxl-3.1.5-py2.py3-none-any.whl
openpyxl==3.1.5 \
    --hash=sha256:5282c12b107bffeef825f4617dc029afaf41d0ea60823bbb665ef3079dc79de2

# packaging-25.0-py3-none-any.whl
packaging==25.0 \
    --hash=sha256:29572ef2b1f17581046b3a2227d5c611fb25ec70ca1ba8554b24b0e69331a484

# pandas-2.3.3-cp311-cp311-manylinux_2_24_aarch64.manylinux_2_28_aarch64.whl
pandas==2.3.3 \
    --hash=sha256:b468d3dad6ff947df92dcb32ede5b7bd41a9b3cceef0a30ed925f6d01fb8fa66

# pillow-11.3.0-cp311-cp311-manylinux2014_aarch64.manylinux_2_17_aarch64.whl
pillow==11.3.0 \
    --hash=sha256:7d1aa4de119a0ecac0a34a9c8bde33f34022e2e8f99104e47a3ca392fd60e37d

# pyparsing-3.2.4-py3-none-any.whl
pyparsing==3.2.4 \
    --hash=sha256:91d0fcde680d42cd031daf3a6ba20da3107e08a75de50da58360e7d94ab24d36

# python_dateutil-2.9.0.post0-py2.py3-none-any.whl
python-dateutil==2.9.0.post0 \
    --hash=sha256:a8b2bc7bffae282281c8140a97d3aa9c14da0b136dfe83f850eea9a5f7470427

# pytz-2025.2-py2.py3-none-any.whl
pytz==2025.2 \
    --hash=sha256:5ddf76296dd8c44c26eb8f4b6f35488f3ccbf6fbbd7adee0b7262d43f0ec2f00

# six-1.17.0-py2.py3-none-any.whl
six==1.17.0 \
    --hash=sha256:4721f391ed90541fddacab5acf947aa0d3dc7d27b2e1e8eda2be8970586c3274

# tzdata-2025.2-py2.py3-none-any.whl
tzdata==2025.2 \
    --hash=sha256:1a403fada01ff9221ca8044d701868fa132215d84beb92242d9acd2147f667a8

# python_docx-1.2.0-py3-none-any.whl
python-docx==1.2.0 \
    --hash=sha256:3fd478f3250fbbbfd3b94fe1e985955737c145627498896a8a6bf81f4baf66c7

# python_pptx-1.0.2-py3-none-any.whl
python-pptx==1.0.2 \
    --hash=sha256:160838e0b8565a8b1f67947675886e9fea18aa5e795db7ae531606d68e785cba

# lxml-6.0.2-cp311-cp311-manylinux2014_aarch64.manylinux_2_17_aarch64.whl
lxml==6.0.2 \
    --hash=sha256:8ac6e5811ae2870953390452e3476694196f98d447573234592d30488147404d

# xlsxwriter-3.2.9-py3-none-any.whl
XlsxWriter==3.2.9 \
    --hash=sha256:9a5db42bc5dff014806c58a20b9eae7322a134abb6fce3c92c181bfb275ec5b3

# typing_extensions-4.15.0-py3-none-any.whl
typing_extensions==4.15.0 \
    --hash=sha256:f0fa19c6845758ab08074a0cfa8b7aecb71c999ca73d62883bc25cc018c4e548
